
Microsoft Visual Studio Solution File, Format Version 12.00
# Visual Studio Version 17
VisualStudioVersion = 17.5.33516.290
MinimumVisualStudioVersion = 10.0.40219.1
Project("{FAE04EC0-301F-11D3-BF4B-00C04F79EFBC}") = "Kalendarz", "Kalendarz.csproj", "{283CE6B2-BD9D-4C9E-BA02-8F837024E166}"
EndProject
Project("{2150E333-8FDC-42A3-9474-1A3956D46DE8}") = "Solution Items", "Solution Items", "{C3C63311-9F30-4ED7-8341-AC93BD3D8127}"
EndProject
Global
	GlobalSection(SolutionConfigurationPlatforms) = preSolution
		Debug|Any CPU = Debug|Any CPU
		Release|Any CPU = Release|Any CPU
	EndGlobalSection
	GlobalSection(ProjectConfigurationPlatforms) = postSolution
		{283CE6B2-BD9D-4C9E-BA02-8F837024E166}.Debug|Any CPU.ActiveCfg = Debug|Any CPU
		{283CE6B2-BD9D-4C9E-BA02-8F837024E166}.Debug|Any CPU.Build.0 = Debug|Any CPU
		{283CE6B2-BD9D-4C9E-BA02-8F837024E166}.Release|Any CPU.ActiveCfg = Release|Any CPU
		{283CE6B2-BD9D-4C9E-BA02-8F837024E166}.Release|Any CPU.Build.0 = Release|Any CPU
	EndGlobalSection
	GlobalSection(SolutionProperties) = preSolution
		HideSolutionNode = FALSE
	EndGlobalSection
	GlobalSection(ExtensibilityGlobals) = postSolution
		SolutionGuid = {746DEFFF-ED07-49B6-89D2-AC1323384363}
	EndGlobalSection
EndGlobal
